
Microsoft Visual Studio Solution File, Format Version 12.00
# Visual Studio Version 17
VisualStudioVersion = 17.11.35312.102
MinimumVisualStudioVersion = 10.0.40219.1
Project("{FAE04EC0-301F-11D3-BF4B-00C04F79EFBC}") = "WebVulnerable", "WebVulnerable\WebVulnerable.csproj", "{FB9190DA-52A3-4F22-B682-43175F037564}"
EndProject
Global
	GlobalSection(SolutionConfigurationPlatforms) = preSolution
		Debug|Any CPU = Debug|Any CPU
		Release|Any CPU = Release|Any CPU
	EndGlobalSection
	GlobalSection(ProjectConfigurationPlatforms) = postSolution
		{FB9190DA-52A3-4F22-B682-43175F037564}.Debug|Any CPU.ActiveCfg = Debug|Any CPU
		{FB9190DA-52A3-4F22-B682-43175F037564}.Debug|Any CPU.Build.0 = Debug|Any CPU
		{FB9190DA-52A3-4F22-B682-43175F037564}.Release|Any CPU.ActiveCfg = Release|Any CPU
		{FB9190DA-52A3-4F22-B682-43175F037564}.Release|Any CPU.Build.0 = Release|Any CPU
	EndGlobalSection
	GlobalSection(SolutionProperties) = preSolution
		HideSolutionNode = FALSE
	EndGlobalSection
	GlobalSection(ExtensibilityGlobals) = postSolution
		SolutionGuid = {D405F508-4A3B-4B8B-B425-21A7D640CC05}
	EndGlobalSection
EndGlobal
